
Microsoft Visual Studio Solution File, Format Version 12.00
# Visual Studio Version 16
VisualStudioVersion = 16.0.31410.357
MinimumVisualStudioVersion = 10.0.40219.1
Project("{FAE04EC0-301F-11D3-BF4B-00C04F79EFBC}") = "MathQuizz", "MathQuizz\MathQuizz.csproj", "{EC1D2459-E305-43E0-ADE1-171A1DF44037}"
EndProject
Global
	GlobalSection(SolutionConfigurationPlatforms) = preSolution
		Debug|Any CPU = Debug|Any CPU
		Release|Any CPU = Release|Any CPU
	EndGlobalSection
	GlobalSection(ProjectConfigurationPlatforms) = postSolution
		{EC1D2459-E305-43E0-ADE1-171A1DF44037}.Debug|Any CPU.ActiveCfg = Debug|Any CPU
		{EC1D2459-E305-43E0-ADE1-171A1DF44037}.Debug|Any CPU.Build.0 = Debug|Any CPU
		{EC1D2459-E305-43E0-ADE1-171A1DF44037}.Release|Any CPU.ActiveCfg = Release|Any CPU
		{EC1D2459-E305-43E0-ADE1-171A1DF44037}.Release|Any CPU.Build.0 = Release|Any CPU
	EndGlobalSection
	GlobalSection(SolutionProperties) = preSolution
		HideSolutionNode = FALSE
	EndGlobalSection
	GlobalSection(ExtensibilityGlobals) = postSolution
		SolutionGuid = {11818008-6183-4C82-9E90-4137F4FFA706}
	EndGlobalSection
EndGlobal
